
Microsoft Visual Studio Solution File, Format Version 12.00
# Visual Studio 15
VisualStudioVersion = 15.0.27703.2047
MinimumVisualStudioVersion = 10.0.40219.1
Project("{FAE04EC0-301F-11D3-BF4B-00C04F79EFBC}") = "OperatorOverloading", "OperatorOverloading\OperatorOverloading.csproj", "{7293E435-4048-4181-BEAC-A887BEAE712A}"
EndProject
Global
	GlobalSection(SolutionConfigurationPlatforms) = preSolution
		Debug|Any CPU = Debug|Any CPU
		Release|Any CPU = Release|Any CPU
	EndGlobalSection
	GlobalSection(ProjectConfigurationPlatforms) = postSolution
		{7293E435-4048-4181-BEAC-A887BEAE712A}.Debug|Any CPU.ActiveCfg = Debug|Any CPU
		{7293E435-4048-4181-BEAC-A887BEAE712A}.Debug|Any CPU.Build.0 = Debug|Any CPU
		{7293E435-4048-4181-BEAC-A887BEAE712A}.Release|Any CPU.ActiveCfg = Release|Any CPU
		{7293E435-4048-4181-BEAC-A887BEAE712A}.Release|Any CPU.Build.0 = Release|Any CPU
	EndGlobalSection
	GlobalSection(SolutionProperties) = preSolution
		HideSolutionNode = FALSE
	EndGlobalSection
	GlobalSection(ExtensibilityGlobals) = postSolution
		SolutionGuid = {58C5578E-4458-4D64-AB12-7358BAC81ED6}
	EndGlobalSection
EndGlobal
